
Microsoft Visual Studio Solution File, Format Version 12.00
# Visual Studio Version 17
VisualStudioVersion = 17.5.33516.290
MinimumVisualStudioVersion = 10.0.40219.1
Project("{FAE04EC0-301F-11D3-BF4B-00C04F79EFBC}") = "FormCallJava", "FormCallJava.csproj", "{996F7D95-4E64-42CD-9101-FC4DC04E08A5}"
EndProject
Global
	GlobalSection(SolutionConfigurationPlatforms) = preSolution
		Debug|Any CPU = Debug|Any CPU
		Release|Any CPU = Release|Any CPU
	EndGlobalSection
	GlobalSection(ProjectConfigurationPlatforms) = postSolution
		{996F7D95-4E64-42CD-9101-FC4DC04E08A5}.Debug|Any CPU.ActiveCfg = Debug|Any CPU
		{996F7D95-4E64-42CD-9101-FC4DC04E08A5}.Debug|Any CPU.Build.0 = Debug|Any CPU
		{996F7D95-4E64-42CD-9101-FC4DC04E08A5}.Release|Any CPU.ActiveCfg = Release|Any CPU
		{996F7D95-4E64-42CD-9101-FC4DC04E08A5}.Release|Any CPU.Build.0 = Release|Any CPU
	EndGlobalSection
	GlobalSection(SolutionProperties) = preSolution
		HideSolutionNode = FALSE
	EndGlobalSection
	GlobalSection(ExtensibilityGlobals) = postSolution
		SolutionGuid = {DBDE2270-B7EC-433E-B19E-A9CBE84F9B54}
	EndGlobalSection
EndGlobal
